{
  "name": "toplevel",
  "version": "1.0.0",
  "lockfileVersion": 1,
  "requires": true,
  "dependencies": {
    "blink_firmware": {
      "version": "git+https://github.com/jmwright/blink_firmware.git#358b87ddb92fe755691c233c25174672d00ba50b",
      "from": "git+https://github.com/jmwright/blink_firmware.git"
    }
  }
}
